// !$*UTF8*$!
{
	archiveVersion = 1;
	classes = {
	};
	objectVersion = 46;
	objects = {

/* Begin PBXBuildFile section */
		3C347B311AAD45EC001F276A /* AppDelegate.swift in Sources */ = {isa = PBXBuildFile; fileRef = 3C347B301AAD45EC001F276A /* AppDelegate.swift */; };
		3C347B331AAD45EC001F276A /* RecordSoundsViewController.swift in Sources */ = {isa = PBXBuildFile; fileRef = 3C347B321AAD45EC001F276A /* RecordSoundsViewController.swift */; };
		3C347B361AAD45EC001F276A /* Main.storyboard in Resources */ = {isa = PBXBuildFile; fileRef = 3C347B341AAD45EC001F276A /* Main.storyboard */; };
		3C347B381AAD45ED001F276A /* Images.xcassets in Resources */ = {isa = PBXBuildFile; fileRef = 3C347B371AAD45ED001F276A /* Images.xcassets */; };
		3C347B3B1AAD45ED001F276A /* LaunchScreen.xib in Resources */ = {isa = PBXBuildFile; fileRef = 3C347B391AAD45ED001F276A /* LaunchScreen.xib */; };
		3C347B471AAD45ED001F276A /* Sound_RecorderTests.swift in Sources */ = {isa = PBXBuildFile; fileRef = 3C347B461AAD45ED001F276A /* Sound_RecorderTests.swift */; };
		3C347B511AAD4670001F276A /* PlaySoundsViewController.swift in Sources */ = {isa = PBXBuildFile; fileRef = 3C347B501AAD4670001F276A /* PlaySoundsViewController.swift */; };
		3CFD53231AAE64B9004F12B9 /* movie_quote.mp3 in Resources */ = {isa = PBXBuildFile; fileRef = 3CFD53221AAE64B9004F12B9 /* movie_quote.mp3 */; };
		3CFD53251AAE774F004F12B9 /* RecordedAudio.swift in Sources */ = {isa = PBXBuildFile; fileRef = 3CFD53241AAE774F004F12B9 /* RecordedAudio.swift */; };
/* End PBXBuildFile section */

/* Begin PBXContainerItemProxy section */
		3C347B411AAD45ED001F276A /* PBXContainerItemProxy */ = {
			isa = PBXContainerItemProxy;
			containerPortal = 3C347B231AAD45EB001F276A /* Project object */;
			proxyType = 1;
			remoteGlobalIDString = 3C347B2A1AAD45EC001F276A;
			remoteInfo = "Sound Recorder";
		};
/* End PBXContainerItemProxy section */

/* Begin PBXFileReference section */
		3C347B2B1AAD45EC001F276A /* Sound Recorder.app */ = {isa = PBXFileReference; explicitFileType = wrapper.application; includeInIndex = 0; path = "Sound Recorder.app"; sourceTree = BUILT_PRODUCTS_DIR; };
		3C347B2F1AAD45EC001F276A /* Info.plist */ = {isa = PBXFileReference; lastKnownFileType = text.plist.xml; path = Info.plist; sourceTree = "<group>"; };
		3C347B301AAD45EC001F276A /* AppDelegate.swift */ = {isa = PBXFileReference; lastKnownFileType = sourcecode.swift; path = AppDelegate.swift; sourceTree = "<group>"; };
		3C347B321AAD45EC001F276A /* RecordSoundsViewController.swift */ = {isa = PBXFileReference; lastKnownFileType = sourcecode.swift; path = RecordSoundsViewController.swift; sourceTree = "<group>"; };
		3C347B351AAD45EC001F276A /* Base */ = {isa = PBXFileReference; lastKnownFileType = file.storyboard; name = Base; path = Base.lproj/Main.storyboard; sourceTree = "<group>"; };
		3C347B371AAD45ED001F276A /* Images.xcassets */ = {isa = PBXFileReference; lastKnownFileType = folder.assetcatalog; path = Images.xcassets; sourceTree = "<group>"; };
		3C347B3A1AAD45ED001F276A /* Base */ = {isa = PBXFileReference; lastKnownFileType = file.xib; name = Base; path = Base.lproj/LaunchScreen.xib; sourceTree = "<group>"; };
		3C347B401AAD45ED001F276A /* Sound RecorderTests.xctest */ = {isa = PBXFileReference; explicitFileType = wrapper.cfbundle; includeInIndex = 0; path = "Sound RecorderTests.xctest"; sourceTree = BUILT_PRODUCTS_DIR; };
		3C347B451AAD45ED001F276A /* Info.plist */ = {isa = PBXFileReference; lastKnownFileType = text.plist.xml; path = Info.plist; sourceTree = "<group>"; };
		3C347B461AAD45ED001F276A /* Sound_RecorderTests.swift */ = {isa = PBXFileReference; lastKnownFileType = sourcecode.swift; path = Sound_RecorderTests.swift; sourceTree = "<group>"; };
		3C347B501AAD4670001F276A /* PlaySoundsViewController.swift */ = {isa = PBXFileReference; fileEncoding = 4; lastKnownFileType = sourcecode.swift; path = PlaySoundsViewController.swift; sourceTree = "<group>"; };
		3CFD53221AAE64B9004F12B9 /* movie_quote.mp3 */ = {isa = PBXFileReference; lastKnownFileType = audio.mp3; path = movie_quote.mp3; sourceTree = "<group>"; };
		3CFD53241AAE774F004F12B9 /* RecordedAudio.swift */ = {isa = PBXFileReference; fileEncoding = 4; lastKnownFileType = sourcecode.swift; path = RecordedAudio.swift; sourceTree = "<group>"; };
/* End PBXFileReference section */

/* Begin PBXFrameworksBuildPhase section */
		3C347B281AAD45EC001F276A /* Frameworks */ = {
			isa = PBXFrameworksBuildPhase;
			buildActionMask = 2147483647;
			files = (
			);
			runOnlyForDeploymentPostprocessing = 0;
		};
		3C347B3D1AAD45ED001F276A /* Frameworks */ = {
			isa = PBXFrameworksBuildPhase;
			buildActionMask = 2147483647;
			files = (
			);
			runOnlyForDeploymentPostprocessing = 0;
		};
/* End PBXFrameworksBuildPhase section */

/* Begin PBXGroup section */
		3C347B221AAD45EB001F276A = {
			isa = PBXGroup;
			children = (
				3C347B2D1AAD45EC001F276A /* Sound Recorder */,
				3C347B431AAD45ED001F276A /* Sound RecorderTests */,
				3C347B2C1AAD45EC001F276A /* Products */,
			);
			sourceTree = "<group>";
		};
		3C347B2C1AAD45EC001F276A /* Products */ = {
			isa = PBXGroup;
			children = (
				3C347B2B1AAD45EC001F276A /* Sound Recorder.app */,
				3C347B401AAD45ED001F276A /* Sound RecorderTests.xctest */,
			);
			name = Products;
			sourceTree = "<group>";
		};
		3C347B2D1AAD45EC001F276A /* Sound Recorder */ = {
			isa = PBXGroup;
			children = (
				3C347B301AAD45EC001F276A /* AppDelegate.swift */,
				3CFD53241AAE774F004F12B9 /* RecordedAudio.swift */,
				3C347B321AAD45EC001F276A /* RecordSoundsViewController.swift */,
				3C347B501AAD4670001F276A /* PlaySoundsViewController.swift */,
				3C347B341AAD45EC001F276A /* Main.storyboard */,
				3C347B371AAD45ED001F276A /* Images.xcassets */,
				3C347B391AAD45ED001F276A /* LaunchScreen.xib */,
				3C347B2E1AAD45EC001F276A /* Supporting Files */,
			);
			path = "Sound Recorder";
			sourceTree = "<group>";
		};
		3C347B2E1AAD45EC001F276A /* Supporting Files */ = {
			isa = PBXGroup;
			children = (
				3CFD53221AAE64B9004F12B9 /* movie_quote.mp3 */,
				3C347B2F1AAD45EC001F276A /* Info.plist */,
			);
			name = "Supporting Files";
			sourceTree = "<group>";
		};
		3C347B431AAD45ED001F276A /* Sound RecorderTests */ = {
			isa = PBXGroup;
			children = (
				3C347B461AAD45ED001F276A /* Sound_RecorderTests.swift */,
				3C347B441AAD45ED001F276A /* Supporting Files */,
			);
			path = "Sound RecorderTests";
			sourceTree = "<group>";
		};
		3C347B441AAD45ED001F276A /* Supporting Files */ = {
			isa = PBXGroup;
			children = (
				3C347B451AAD45ED001F276A /* Info.plist */,
			);
			name = "Supporting Files";
			sourceTree = "<group>";
		};
/* End PBXGroup section */

/* Begin PBXNativeTarget section */
		3C347B2A1AAD45EC001F276A /* Sound Recorder */ = {
			isa = PBXNativeTarget;
			buildConfigurationList = 3C347B4A1AAD45ED001F276A /* Build configuration list for PBXNativeTarget "Sound Recorder" */;
			buildPhases = (
				3C347B271AAD45EC001F276A /* Sources */,
				3C347B281AAD45EC001F276A /* Frameworks */,
				3C347B291AAD45EC001F276A /* Resources */,
			);
			buildRules = (
			);
			dependencies = (
			);
			name = "Sound Recorder";
			productName = "Sound Recorder";
			productReference = 3C347B2B1AAD45EC001F276A /* Sound Recorder.app */;
			productType = "com.apple.product-type.application";
		};
		3C347B3F1AAD45ED001F276A /* Sound RecorderTests */ = {
			isa = PBXNativeTarget;
			buildConfigurationList = 3C347B4D1AAD45ED001F276A /* Build configuration list for PBXNativeTarget "Sound RecorderTests" */;
			buildPhases = (
				3C347B3C1AAD45ED001F276A /* Sources */,
				3C347B3D1AAD45ED001F276A /* Frameworks */,
				3C347B3E1AAD45ED001F276A /* Resources */,
			);
			buildRules = (
			);
			dependencies = (
				3C347B421AAD45ED001F276A /* PBXTargetDependency */,
			);
			name = "Sound RecorderTests";
			productName = "Sound RecorderTests";
			productReference = 3C347B401AAD45ED001F276A /* Sound RecorderTests.xctest */;
			productType = "com.apple.product-type.bundle.unit-test";
		};
/* End PBXNativeTarget section */

/* Begin PBXProject section */
		3C347B231AAD45EB001F276A /* Project object */ = {
			isa = PBXProject;
			attributes = {
				LastUpgradeCheck = 0610;
				ORGANIZATIONNAME = "Nathaniel Coleman";
				TargetAttributes = {
					3C347B2A1AAD45EC001F276A = {
						CreatedOnToolsVersion = 6.1.1;
						DevelopmentTeam = 2BFX2NFJ33;
					};
					3C347B3F1AAD45ED001F276A = {
						CreatedOnToolsVersion = 6.1.1;
						TestTargetID = 3C347B2A1AAD45EC001F276A;
					};
				};
			};
			buildConfigurationList = 3C347B261AAD45EB001F276A /* Build configuration list for PBXProject "Sound Recorder" */;
			compatibilityVersion = "Xcode 3.2";
			developmentRegion = English;
			hasScannedForEncodings = 0;
			knownRegions = (
				en,
				Base,
			);
			mainGroup = 3C347B221AAD45EB001F276A;
			productRefGroup = 3C347B2C1AAD45EC001F276A /* Products */;
			projectDirPath = "";
			projectRoot = "";
			targets = (
				3C347B2A1AAD45EC001F276A /* Sound Recorder */,
				3C347B3F1AAD45ED001F276A /* Sound RecorderTests */,
			);
		};
/* End PBXProject section */

/* Begin PBXResourcesBuildPhase section */
		3C347B291AAD45EC001F276A /* Resources */ = {
			isa = PBXResourcesBuildPhase;
			buildActionMask = 2147483647;
			files = (
				3C347B361AAD45EC001F276A /* Main.storyboard in Resources */,
				3C347B3B1AAD45ED001F276A /* LaunchScreen.xib in Resources */,
				3CFD53231AAE64B9004F12B9 /* movie_quote.mp3 in Resources */,
				3C347B381AAD45ED001F276A /* Images.xcassets in Resources */,
			);
			runOnlyForDeploymentPostprocessing = 0;
		};
		3C347B3E1AAD45ED001F276A /* Resources */ = {
			isa = PBXResourcesBuildPhase;
			buildActionMask = 2147483647;
			files = (
			);
			runOnlyForDeploymentPostprocessing = 0;
		};
/* End PBXResourcesBuildPhase section */

/* Begin PBXSourcesBuildPhase section */
		3C347B271AAD45EC001F276A /* Sources */ = {
			isa = PBXSourcesBuildPhase;
			buildActionMask = 2147483647;
			files = (
				3CFD53251AAE774F004F12B9 /* RecordedAudio.swift in Sources */,
				3C347B331AAD45EC001F276A /* RecordSoundsViewController.swift in Sources */,
				3C347B511AAD4670001F276A /* PlaySoundsViewController.swift in Sources */,
				3C347B311AAD45EC001F276A /* AppDelegate.swift in Sources */,
			);
			runOnlyForDeploymentPostprocessing = 0;
		};
		3C347B3C1AAD45ED001F276A /* Sources */ = {
			isa = PBXSourcesBuildPhase;
			buildActionMask = 2147483647;
			files = (
				3C347B471AAD45ED001F276A /* Sound_RecorderTests.swift in Sources */,
			);
			runOnlyForDeploymentPostprocessing = 0;
		};
/* End PBXSourcesBuildPhase section */

/* Begin PBXTargetDependency section */
		3C347B421AAD45ED001F276A /* PBXTargetDependency */ = {
			isa = PBXTargetDependency;
			target = 3C347B2A1AAD45EC001F276A /* Sound Recorder */;
			targetProxy = 3C347B411AAD45ED001F276A /* PBXContainerItemProxy */;
		};
/* End PBXTargetDependency section */

/* Begin PBXVariantGroup section */
		3C347B341AAD45EC001F276A /* Main.storyboard */ = {
			isa = PBXVariantGroup;
			children = (
				3C347B351AAD45EC001F276A /* Base */,
			);
			name = Main.storyboard;
			sourceTree = "<group>";
		};
		3C347B391AAD45ED001F276A /* LaunchScreen.xib */ = {
			isa = PBXVariantGroup;
			children = (
				3C347B3A1AAD45ED001F276A /* Base */,
			);
			name = LaunchScreen.xib;
			sourceTree = "<group>";
		};
/* End PBXVariantGroup section */

/* Begin XCBuildConfiguration section */
		3C347B481AAD45ED001F276A /* Debug */ = {
			isa = XCBuildConfiguration;
			buildSettings = {
				ALWAYS_SEARCH_USER_PATHS = NO;
				CLANG_CXX_LANGUAGE_STANDARD = "gnu++0x";
				CLANG_CXX_LIBRARY = "libc++";
				CLANG_ENABLE_MODULES = YES;
				CLANG_ENABLE_OBJC_ARC = YES;
				CLANG_WARN_BOOL_CONVERSION = YES;
				CLANG_WARN_CONSTANT_CONVERSION = YES;
				CLANG_WARN_DIRECT_OBJC_ISA_USAGE = YES_ERROR;
				CLANG_WARN_EMPTY_BODY = YES;
				CLANG_WARN_ENUM_CONVERSION = YES;
				CLANG_WARN_INT_CONVERSION = YES;
				CLANG_WARN_OBJC_ROOT_CLASS = YES_ERROR;
				CLANG_WARN_UNREACHABLE_CODE = YES;
				CLANG_WARN__DUPLICATE_METHOD_MATCH = YES;
				"CODE_SIGN_IDENTITY[sdk=iphoneos*]" = "iPhone Developer";
				COPY_PHASE_STRIP = NO;
				ENABLE_STRICT_OBJC_MSGSEND = YES;
				GCC_C_LANGUAGE_STANDARD = gnu99;
				GCC_DYNAMIC_NO_PIC = NO;
				GCC_OPTIMIZATION_LEVEL = 0;
				GCC_PREPROCESSOR_DEFINITIONS = (
					"DEBUG=1",
					"$(inherited)",
				);
				GCC_SYMBOLS_PRIVATE_EXTERN = NO;
				GCC_WARN_64_TO_32_BIT_CONVERSION = YES;
				GCC_WARN_ABOUT_RETURN_TYPE = YES_ERROR;
				GCC_WARN_UNDECLARED_SELECTOR = YES;
				GCC_WARN_UNINITIALIZED_AUTOS = YES_AGGRESSIVE;
				GCC_WARN_UNUSED_FUNCTION = YES;
				GCC_WARN_UNUSED_VARIABLE = YES;
				IPHONEOS_DEPLOYMENT_TARGET = 8.1;
				MTL_ENABLE_DEBUG_INFO = YES;
				ONLY_ACTIVE_ARCH = YES;
				SDKROOT = iphoneos;
				SWIFT_OPTIMIZATION_LEVEL = "-Onone";
			};
			name = Debug;
		};
		3C347B491AAD45ED001F276A /* Release */ = {
			isa = XCBuildConfiguration;
			buildSettings = {
				ALWAYS_SEARCH_USER_PATHS = NO;
				CLANG_CXX_LANGUAGE_STANDARD = "gnu++0x";
				CLANG_CXX_LIBRARY = "libc++";
				CLANG_ENABLE_MODULES = YES;
				CLANG_ENABLE_OBJC_ARC = YES;
				CLANG_WARN_BOOL_CONVERSION = YES;
				CLANG_WARN_CONSTANT_CONVERSION = YES;
				CLANG_WARN_DIRECT_OBJC_ISA_USAGE = YES_ERROR;
				CLANG_WARN_EMPTY_BODY = YES;
				CLANG_WARN_ENUM_CONVERSION = YES;
				CLANG_WARN_INT_CONVERSION = YES;
				CLANG_WARN_OBJC_ROOT_CLASS = YES_ERROR;
				CLANG_WARN_UNREACHABLE_CODE = YES;
				CLANG_WARN__DUPLICATE_METHOD_MATCH = YES;
				"CODE_SIGN_IDENTITY[sdk=iphoneos*]" = "iPhone Developer";
				COPY_PHASE_STRIP = YES;
				ENABLE_NS_ASSERTIONS = NO;
				ENABLE_STRICT_OBJC_MSGSEND = YES;
				GCC_C_LANGUAGE_STANDARD = gnu99;
				GCC_WARN_64_TO_32_BIT_CONVERSION = YES;
				GCC_WARN_ABOUT_RETURN_TYPE = YES_ERROR;
				GCC_WARN_UNDECLARED_SELECTOR = YES;
				GCC_WARN_UNINITIALIZED_AUTOS = YES_AGGRESSIVE;
				GCC_WARN_UNUSED_FUNCTION = YES;
				GCC_WARN_UNUSED_VARIABLE = YES;
				IPHONEOS_DEPLOYMENT_TARGET = 8.1;
				MTL_ENABLE_DEBUG_INFO = NO;
				SDKROOT = iphoneos;
				VALIDATE_PRODUCT = YES;
			};
			name = Release;
		};
		3C347B4B1AAD45ED001F276A /* Debug */ = {
			isa = XCBuildConfiguration;
			buildSettings = {
				ASSETCATALOG_COMPILER_APPICON_NAME = AppIcon;
				CODE_SIGN_IDENTITY = "iPhone Developer";
				INFOPLIST_FILE = "Sound Recorder/Info.plist";
				IPHONEOS_DEPLOYMENT_TARGET = 8.2;
				LD_RUNPATH_SEARCH_PATHS = "$(inherited) @executable_path/Frameworks";
				PRODUCT_NAME = "$(TARGET_NAME)";
			};
			name = Debug;
		};
		3C347B4C1AAD45ED001F276A /* Release */ = {
			isa = XCBuildConfiguration;
			buildSettings = {
				ASSETCATALOG_COMPILER_APPICON_NAME = AppIcon;
				CODE_SIGN_IDENTITY = "iPhone Developer";
				INFOPLIST_FILE = "Sound Recorder/Info.plist";
				IPHONEOS_DEPLOYMENT_TARGET = 8.2;
				LD_RUNPATH_SEARCH_PATHS = "$(inherited) @executable_path/Frameworks";
				PRODUCT_NAME = "$(TARGET_NAME)";
			};
			name = Release;
		};
		3C347B4E1AAD45ED001F276A /* Debug */ = {
			isa = XCBuildConfiguration;
			buildSettings = {
				BUNDLE_LOADER = "$(TEST_HOST)";
				FRAMEWORK_SEARCH_PATHS = (
					"$(SDKROOT)/Developer/Library/Frameworks",
					"$(inherited)",
				);
				GCC_PREPROCESSOR_DEFINITIONS = (
					"DEBUG=1",
					"$(inherited)",
				);
				INFOPLIST_FILE = "Sound RecorderTests/Info.plist";
				LD_RUNPATH_SEARCH_PATHS = "$(inherited) @executable_path/Frameworks @loader_path/Frameworks";
				PRODUCT_NAME = "$(TARGET_NAME)";
				TEST_HOST = "$(BUILT_PRODUCTS_DIR)/Sound Recorder.app/Sound Recorder";
			};
			name = Debug;
		};
		3C347B4F1AAD45ED001F276A /* Release */ = {
			isa = XCBuildConfiguration;
			buildSettings = {
				BUNDLE_LOADER = "$(TEST_HOST)";
				FRAMEWORK_SEARCH_PATHS = (
					"$(SDKROOT)/Developer/Library/Frameworks",
					"$(inherited)",
				);
				INFOPLIST_FILE = "Sound RecorderTests/Info.plist";
				LD_RUNPATH_SEARCH_PATHS = "$(inherited) @executable_path/Frameworks @loader_path/Frameworks";
				PRODUCT_NAME = "$(TARGET_NAME)";
				TEST_HOST = "$(BUILT_PRODUCTS_DIR)/Sound Recorder.app/Sound Recorder";
			};
			name = Release;
		};
/* End XCBuildConfiguration section */

/* Begin XCConfigurationList section */
		3C347B261AAD45EB001F276A /* Build configuration list for PBXProject "Sound Recorder" */ = {
			isa = XCConfigurationList;
			buildConfigurations = (
				3C347B481AAD45ED001F276A /* Debug */,
				3C347B491AAD45ED001F276A /* Release */,
			);
			defaultConfigurationIsVisible = 0;
			defaultConfigurationName = Release;
		};
		3C347B4A1AAD45ED001F276A /* Build configuration list for PBXNativeTarget "Sound Recorder" */ = {
			isa = XCConfigurationList;
			buildConfigurations = (
				3C347B4B1AAD45ED001F276A /* Debug */,
				3C347B4C1AAD45ED001F276A /* Release */,
			);
			defaultConfigurationIsVisible = 0;
			defaultConfigurationName = Release;
		};
		3C347B4D1AAD45ED001F276A /* Build configuration list for PBXNativeTarget "Sound RecorderTests" */ = {
			isa = XCConfigurationList;
			buildConfigurations = (
				3C347B4E1AAD45ED001F276A /* Debug */,
				3C347B4F1AAD45ED001F276A /* Release */,
			);
			defaultConfigurationIsVisible = 0;
			defaultConfigurationName = Release;
		};
/* End XCConfigurationList section */
	};
	rootObject = 3C347B231AAD45EB001F276A /* Project object */;
}
